// !$*UTF8*$!
{
	archiveVersion = 1;
	classes = {
	};
	objectVersion = 52;
	objects = {

/* Begin PBXBuildFile section */
		4A04C3AC22A6C11000CA624A /* libsrt-iOS.a in Frameworks */ = {isa = PBXBuildFile; fileRef = 4A04C3AB22A6C11000CA624A /* libsrt-iOS.a */; };
		4A04C3AE22A6C1AC00CA624A /* libcrypto.a in Frameworks */ = {isa = PBXBuildFile; fileRef = 4A04C3AD22A6C1AC00CA624A /* libcrypto.a */; };
		4A04C3B022A6C1DD00CA624A /* libc++.tbd in Frameworks */ = {isa = PBXBuildFile; fileRef = 4A04C3AF22A6C1DD00CA624A /* libc++.tbd */; };
		4A05962F2281D4E70070B169 /* VisionAdapter.swift in Sources */ = {isa = PBXBuildFile; fileRef = 4A05962E2281D4E60070B169 /* VisionAdapter.swift */; };
		4A090F9F22A003BC0029E3CE /* build-srt-iOS.sh in Resources */ = {isa = PBXBuildFile; fileRef = 4A090B1E22A003BA0029E3CE /* build-srt-iOS.sh */; };
		4A09101622A003BC0029E3CE /* build-openssl-iOS.sh in Resources */ = {isa = PBXBuildFile; fileRef = 4A090BD422A003BA0029E3CE /* build-openssl-iOS.sh */; };
		4A40BF1324CD67310094344D /* Eureka.framework in Frameworks */ = {isa = PBXBuildFile; fileRef = CE70DD361FEE659D000D45AC /* Eureka.framework */; };
		4A40BF1424CD67310094344D /* Eureka.framework in Copy Files */ = {isa = PBXBuildFile; fileRef = CE70DD361FEE659D000D45AC /* Eureka.framework */; settings = {ATTRIBUTES = (CodeSignOnCopy, RemoveHeadersOnCopy, ); }; };
		4AB23BC925AAF9C400BA3D7A /* HaishinKit in Frameworks */ = {isa = PBXBuildFile; productRef = 4AB23BC825AAF9C400BA3D7A /* HaishinKit */; };
		4AF92084229ECA41001C8E10 /* VideoIOComponentEx.swift in Sources */ = {isa = PBXBuildFile; fileRef = 4AF92083229ECA41001C8E10 /* VideoIOComponentEx.swift */; };
		4AF9209D229ECDF5001C8E10 /* SRTSocket.swift in Sources */ = {isa = PBXBuildFile; fileRef = 4AF92096229ECDF5001C8E10 /* SRTSocket.swift */; };
		4AF9209E229ECDF5001C8E10 /* SRTSocketOption.swift in Sources */ = {isa = PBXBuildFile; fileRef = 4AF92097229ECDF5001C8E10 /* SRTSocketOption.swift */; };
		4AF9209F229ECDF5001C8E10 /* SRTConnection.swift in Sources */ = {isa = PBXBuildFile; fileRef = 4AF92098229ECDF5001C8E10 /* SRTConnection.swift */; };
		4AF920A0229ECDF5001C8E10 /* SRTError.swift in Sources */ = {isa = PBXBuildFile; fileRef = 4AF92099229ECDF5001C8E10 /* SRTError.swift */; };
		4AF920A3229ECDF5001C8E10 /* SRTStream.swift in Sources */ = {isa = PBXBuildFile; fileRef = 4AF9209C229ECDF5001C8E10 /* SRTStream.swift */; };
		4AFCA7B0259C944500B3DA28 /* Constants.swift in Sources */ = {isa = PBXBuildFile; fileRef = 4AFCA7AF259C944500B3DA28 /* Constants.swift */; };
		CE4B5E6B238E991F000AF9E0 /* SRTRecvSocket.swift in Sources */ = {isa = PBXBuildFile; fileRef = CE4B5E69238E991F000AF9E0 /* SRTRecvSocket.swift */; };
		CE4B5E6C238E991F000AF9E0 /* SRTSendSocket.swift in Sources */ = {isa = PBXBuildFile; fileRef = CE4B5E6A238E991F000AF9E0 /* SRTSendSocket.swift */; };
		CE74715B1FC9009300F2515D /* AppDelegate.swift in Sources */ = {isa = PBXBuildFile; fileRef = CE74715A1FC9009300F2515D /* AppDelegate.swift */; };
		CE74715D1FC9009300F2515D /* ViewController.swift in Sources */ = {isa = PBXBuildFile; fileRef = CE74715C1FC9009300F2515D /* ViewController.swift */; };
		CE7471601FC9009300F2515D /* Main.storyboard in Resources */ = {isa = PBXBuildFile; fileRef = CE74715E1FC9009300F2515D /* Main.storyboard */; };
		CE7471621FC9009300F2515D /* Assets.xcassets in Resources */ = {isa = PBXBuildFile; fileRef = CE7471611FC9009300F2515D /* Assets.xcassets */; };
		CE7471651FC9009300F2515D /* LaunchScreen.storyboard in Resources */ = {isa = PBXBuildFile; fileRef = CE7471631FC9009300F2515D /* LaunchScreen.storyboard */; };
		CE747B6C1FC9153500F2515D /* Data+Extension.swift in Sources */ = {isa = PBXBuildFile; fileRef = CE747B0B1FC9153500F2515D /* Data+Extension.swift */; };
		CE747BBA1FC9277200F2515D /* Foundation.framework in Frameworks */ = {isa = PBXBuildFile; fileRef = CE747BB91FC9275800F2515D /* Foundation.framework */; };
		CE747BBC1FC92C8E00F2515D /* CoreVideo.framework in Frameworks */ = {isa = PBXBuildFile; fileRef = CE747BBB1FC92C7D00F2515D /* CoreVideo.framework */; };
		CE747BBE1FC9302C00F2515D /* AVFoundation.framework in Frameworks */ = {isa = PBXBuildFile; fileRef = CE747BBD1FC9302100F2515D /* AVFoundation.framework */; };
		CE747BC01FC9304100F2515D /* CoreMedia.framework in Frameworks */ = {isa = PBXBuildFile; fileRef = CE747BBF1FC9303800F2515D /* CoreMedia.framework */; };
		CE747BD71FC9415D00F2515D /* CoreImage.framework in Frameworks */ = {isa = PBXBuildFile; fileRef = CE747BD61FC9414D00F2515D /* CoreImage.framework */; };
		CE747BD91FC94A3B00F2515D /* UIKit.framework in Frameworks */ = {isa = PBXBuildFile; fileRef = CE747BD81FC94A3400F2515D /* UIKit.framework */; };
		CE8767D120504445009F9FF8 /* SettingsViewController.swift in Sources */ = {isa = PBXBuildFile; fileRef = CE8767D020504445009F9FF8 /* SettingsViewController.swift */; };
		CE8F887F2041576A00E19633 /* Localizable.strings in Resources */ = {isa = PBXBuildFile; fileRef = CE8F88812041576A00E19633 /* Localizable.strings */; };
		CEA20C3E204821D60061E7EA /* help-en.html in Resources */ = {isa = PBXBuildFile; fileRef = CEA20C3C204821D50061E7EA /* help-en.html */; };
		CEA20C3F204821D60061E7EA /* help-ja.html in Resources */ = {isa = PBXBuildFile; fileRef = CEA20C3D204821D50061E7EA /* help-ja.html */; };
		EB05D135206A81BB00F17E98 /* LICENSE.md in Resources */ = {isa = PBXBuildFile; fileRef = EB05D134206A81BA00F17E98 /* LICENSE.md */; };
		EB297E9320C9E15300511099 /* MyExtension.swift in Sources */ = {isa = PBXBuildFile; fileRef = EB297E9120C9E15300511099 /* MyExtension.swift */; };
		EBD8A392205EA78B0011938A /* Settings.bundle in Resources */ = {isa = PBXBuildFile; fileRef = EBD8A391205EA78B0011938A /* Settings.bundle */; };
/* End PBXBuildFile section */

/* Begin PBXCopyFilesBuildPhase section */
		CEAFC1401FCF095C000326CE /* Copy Files */ = {
			isa = PBXCopyFilesBuildPhase;
			buildActionMask = 12;
			dstPath = "";
			dstSubfolderSpec = 10;
			files = (
				4A40BF1424CD67310094344D /* Eureka.framework in Copy Files */,
			);
			name = "Copy Files";
			runOnlyForDeploymentPostprocessing = 0;
		};
/* End PBXCopyFilesBuildPhase section */

/* Begin PBXFileReference section */
		4A04C3AB22A6C11000CA624A /* libsrt-iOS.a */ = {isa = PBXFileReference; lastKnownFileType = archive.ar; name = "libsrt-iOS.a"; path = "MyLive/HaishinKit/Vendor/SRT/libsrt-iOS.a"; sourceTree = "<group>"; };
		4A04C3AD22A6C1AC00CA624A /* libcrypto.a */ = {isa = PBXFileReference; lastKnownFileType = archive.ar; name = libcrypto.a; path = "MyLive/HaishinKit/Vendor/SRT/OpenSSL-for-iPhone/lib/libcrypto.a"; sourceTree = "<group>"; };
		4A04C3AF22A6C1DD00CA624A /* libc++.tbd */ = {isa = PBXFileReference; lastKnownFileType = "sourcecode.text-based-dylib-definition"; name = "libc++.tbd"; path = "usr/lib/libc++.tbd"; sourceTree = SDKROOT; };
		4A05962E2281D4E60070B169 /* VisionAdapter.swift */ = {isa = PBXFileReference; fileEncoding = 4; lastKnownFileType = sourcecode.swift; path = VisionAdapter.swift; sourceTree = "<group>"; };
		4A090B0422A003BA0029E3CE /* smoother.h */ = {isa = PBXFileReference; fileEncoding = 4; lastKnownFileType = sourcecode.c.h; path = smoother.h; sourceTree = "<group>"; };
		4A090B0522A003BA0029E3CE /* platform_sys.h */ = {isa = PBXFileReference; fileEncoding = 4; lastKnownFileType = sourcecode.c.h; path = platform_sys.h; sourceTree = "<group>"; };
		4A090B0622A003BA0029E3CE /* netinet_any.h */ = {isa = PBXFileReference; fileEncoding = 4; lastKnownFileType = sourcecode.c.h; path = netinet_any.h; sourceTree = "<group>"; };
		4A090B0722A003BA0029E3CE /* channel.h */ = {isa = PBXFileReference; fileEncoding = 4; lastKnownFileType = sourcecode.c.h; path = channel.h; sourceTree = "<group>"; };
		4A090B0822A003BA0029E3CE /* core.h */ = {isa = PBXFileReference; fileEncoding = 4; lastKnownFileType = sourcecode.c.h; path = core.h; sourceTree = "<group>"; };
		4A090B0922A003BA0029E3CE /* version.h */ = {isa = PBXFileReference; fileEncoding = 4; lastKnownFileType = sourcecode.c.h; path = version.h; sourceTree = "<group>"; };
		4A090B0A22A003BA0029E3CE /* threadname.h */ = {isa = PBXFileReference; fileEncoding = 4; lastKnownFileType = sourcecode.c.h; path = threadname.h; sourceTree = "<group>"; };
		4A090B0B22A003BA0029E3CE /* handshake.h */ = {isa = PBXFileReference; fileEncoding = 4; lastKnownFileType = sourcecode.c.h; path = handshake.h; sourceTree = "<group>"; };
		4A090B0C22A003BA0029E3CE /* epoll.h */ = {isa = PBXFileReference; fileEncoding = 4; lastKnownFileType = sourcecode.c.h; path = epoll.h; sourceTree = "<group>"; };
		4A090B0D22A003BA0029E3CE /* md5.h */ = {isa = PBXFileReference; fileEncoding = 4; lastKnownFileType = sourcecode.c.h; path = md5.h; sourceTree = "<group>"; };
		4A090B0E22A003BA0029E3CE /* utilities.h */ = {isa = PBXFileReference; fileEncoding = 4; lastKnownFileType = sourcecode.c.h; path = utilities.h; sourceTree = "<group>"; };
		4A090B0F22A003BA0029E3CE /* cache.h */ = {isa = PBXFileReference; fileEncoding = 4; lastKnownFileType = sourcecode.c.h; path = cache.h; sourceTree = "<group>"; };
		4A090B1022A003BA0029E3CE /* window.h */ = {isa = PBXFileReference; fileEncoding = 4; lastKnownFileType = sourcecode.c.h; path = window.h; sourceTree = "<group>"; };
		4A090B1122A003BA0029E3CE /* logging.h */ = {isa = PBXFileReference; fileEncoding = 4; lastKnownFileType = sourcecode.c.h; path = logging.h; sourceTree = "<group>"; };
		4A090B1222A003BA0029E3CE /* srt_compat.h */ = {isa = PBXFileReference; fileEncoding = 4; lastKnownFileType = sourcecode.c.h; path = srt_compat.h; sourceTree = "<group>"; };
		4A090B1322A003BA0029E3CE /* crypto.h */ = {isa = PBXFileReference; fileEncoding = 4; lastKnownFileType = sourcecode.c.h; path = crypto.h; sourceTree = "<group>"; };
		4A090B1422A003BA0029E3CE /* api.h */ = {isa = PBXFileReference; fileEncoding = 4; lastKnownFileType = sourcecode.c.h; path = api.h; sourceTree = "<group>"; };
		4A090B1522A003BA0029E3CE /* list.h */ = {isa = PBXFileReference; fileEncoding = 4; lastKnownFileType = sourcecode.c.h; path = list.h; sourceTree = "<group>"; };
		4A090B1622A003BA0029E3CE /* buffer.h */ = {isa = PBXFileReference; fileEncoding = 4; lastKnownFileType = sourcecode.c.h; path = buffer.h; sourceTree = "<group>"; };
		4A090B1722A003BA0029E3CE /* srt.h */ = {isa = PBXFileReference; fileEncoding = 4; lastKnownFileType = sourcecode.c.h; path = srt.h; sourceTree = "<group>"; };
		4A090B1822A003BA0029E3CE /* common.h */ = {isa = PBXFileReference; fileEncoding = 4; lastKnownFileType = sourcecode.c.h; path = common.h; sourceTree = "<group>"; };
		4A090B1922A003BA0029E3CE /* packet.h */ = {isa = PBXFileReference; fileEncoding = 4; lastKnownFileType = sourcecode.c.h; path = packet.h; sourceTree = "<group>"; };
		4A090B1A22A003BA0029E3CE /* logging_api.h */ = {isa = PBXFileReference; fileEncoding = 4; lastKnownFileType = sourcecode.c.h; path = logging_api.h; sourceTree = "<group>"; };
		4A090B1B22A003BA0029E3CE /* udt.h */ = {isa = PBXFileReference; fileEncoding = 4; lastKnownFileType = sourcecode.c.h; path = udt.h; sourceTree = "<group>"; };
		4A090B1C22A003BA0029E3CE /* srt4udt.h */ = {isa = PBXFileReference; fileEncoding = 4; lastKnownFileType = sourcecode.c.h; path = srt4udt.h; sourceTree = "<group>"; };
		4A090B1D22A003BA0029E3CE /* queue.h */ = {isa = PBXFileReference; fileEncoding = 4; lastKnownFileType = sourcecode.c.h; path = queue.h; sourceTree = "<group>"; };
		4A090B1E22A003BA0029E3CE /* build-srt-iOS.sh */ = {isa = PBXFileReference; fileEncoding = 4; lastKnownFileType = text.script.sh; path = "build-srt-iOS.sh"; sourceTree = "<group>"; };
		4A090BD422A003BA0029E3CE /* build-openssl-iOS.sh */ = {isa = PBXFileReference; fileEncoding = 4; lastKnownFileType = text.script.sh; path = "build-openssl-iOS.sh"; sourceTree = "<group>"; };
		4A1BBC3625A9C06D001F6E49 /* Eureka.framework.dSYM */ = {isa = PBXFileReference; lastKnownFileType = wrapper.dsym; name = Eureka.framework.dSYM; path = Carthage/Build/iOS/Eureka.framework.dSYM; sourceTree = "<group>"; };
		4A719E6925B4224300D2855B /* MyLive.entitlements */ = {isa = PBXFileReference; lastKnownFileType = text.plist.entitlements; path = MyLive.entitlements; sourceTree = "<group>"; };
		4AF92083229ECA41001C8E10 /* VideoIOComponentEx.swift */ = {isa = PBXFileReference; fileEncoding = 4; lastKnownFileType = sourcecode.swift; path = VideoIOComponentEx.swift; sourceTree = "<group>"; };
		4AF92096229ECDF5001C8E10 /* SRTSocket.swift */ = {isa = PBXFileReference; fileEncoding = 4; lastKnownFileType = sourcecode.swift; path = SRTSocket.swift; sourceTree = "<group>"; };
		4AF92097229ECDF5001C8E10 /* SRTSocketOption.swift */ = {isa = PBXFileReference; fileEncoding = 4; lastKnownFileType = sourcecode.swift; path = SRTSocketOption.swift; sourceTree = "<group>"; };
		4AF92098229ECDF5001C8E10 /* SRTConnection.swift */ = {isa = PBXFileReference; fileEncoding = 4; lastKnownFileType = sourcecode.swift; path = SRTConnection.swift; sourceTree = "<group>"; };
		4AF92099229ECDF5001C8E10 /* SRTError.swift */ = {isa = PBXFileReference; fileEncoding = 4; lastKnownFileType = sourcecode.swift; path = SRTError.swift; sourceTree = "<group>"; };
		4AF9209C229ECDF5001C8E10 /* SRTStream.swift */ = {isa = PBXFileReference; fileEncoding = 4; lastKnownFileType = sourcecode.swift; path = SRTStream.swift; sourceTree = "<group>"; };
		4AF920A4229EDA85001C8E10 /* module.modulemap */ = {isa = PBXFileReference; fileEncoding = 4; lastKnownFileType = "sourcecode.module-map"; path = module.modulemap; sourceTree = "<group>"; };
		4AFCA7AF259C944500B3DA28 /* Constants.swift */ = {isa = PBXFileReference; fileEncoding = 4; lastKnownFileType = sourcecode.swift; path = Constants.swift; sourceTree = "<group>"; };
		CE4B5E69238E991F000AF9E0 /* SRTRecvSocket.swift */ = {isa = PBXFileReference; fileEncoding = 4; lastKnownFileType = sourcecode.swift; path = SRTRecvSocket.swift; sourceTree = "<group>"; };
		CE4B5E6A238E991F000AF9E0 /* SRTSendSocket.swift */ = {isa = PBXFileReference; fileEncoding = 4; lastKnownFileType = sourcecode.swift; path = SRTSendSocket.swift; sourceTree = "<group>"; };
		CE70DD361FEE659D000D45AC /* Eureka.framework */ = {isa = PBXFileReference; lastKnownFileType = wrapper.framework; name = Eureka.framework; path = Carthage/Build/iOS/Eureka.framework; sourceTree = "<group>"; };
		CE7471571FC9009300F2515D /* MyLive.app */ = {isa = PBXFileReference; explicitFileType = wrapper.application; includeInIndex = 0; path = MyLive.app; sourceTree = BUILT_PRODUCTS_DIR; };
		CE74715A1FC9009300F2515D /* AppDelegate.swift */ = {isa = PBXFileReference; lastKnownFileType = sourcecode.swift; path = AppDelegate.swift; sourceTree = "<group>"; };
		CE74715C1FC9009300F2515D /* ViewController.swift */ = {isa = PBXFileReference; lastKnownFileType = sourcecode.swift; path = ViewController.swift; sourceTree = "<group>"; };
		CE74715F1FC9009300F2515D /* Base */ = {isa = PBXFileReference; lastKnownFileType = file.storyboard; name = Base; path = Base.lproj/Main.storyboard; sourceTree = "<group>"; };
		CE7471611FC9009300F2515D /* Assets.xcassets */ = {isa = PBXFileReference; lastKnownFileType = folder.assetcatalog; path = Assets.xcassets; sourceTree = "<group>"; };
		CE7471641FC9009300F2515D /* Base */ = {isa = PBXFileReference; lastKnownFileType = file.storyboard; name = Base; path = Base.lproj/LaunchScreen.storyboard; sourceTree = "<group>"; };
		CE7471661FC9009300F2515D /* Info.plist */ = {isa = PBXFileReference; lastKnownFileType = text.plist.xml; path = Info.plist; sourceTree = "<group>"; };
		CE747B0B1FC9153500F2515D /* Data+Extension.swift */ = {isa = PBXFileReference; fileEncoding = 4; lastKnownFileType = sourcecode.swift; path = "Data+Extension.swift"; sourceTree = "<group>"; };
		CE747BB91FC9275800F2515D /* Foundation.framework */ = {isa = PBXFileReference; lastKnownFileType = wrapper.framework; name = Foundation.framework; path = System/Library/Frameworks/Foundation.framework; sourceTree = SDKROOT; };
		CE747BBB1FC92C7D00F2515D /* CoreVideo.framework */ = {isa = PBXFileReference; lastKnownFileType = wrapper.framework; name = CoreVideo.framework; path = System/Library/Frameworks/CoreVideo.framework; sourceTree = SDKROOT; };
		CE747BBD1FC9302100F2515D /* AVFoundation.framework */ = {isa = PBXFileReference; lastKnownFileType = wrapper.framework; name = AVFoundation.framework; path = System/Library/Frameworks/AVFoundation.framework; sourceTree = SDKROOT; };
		CE747BBF1FC9303800F2515D /* CoreMedia.framework */ = {isa = PBXFileReference; lastKnownFileType = wrapper.framework; name = CoreMedia.framework; path = System/Library/Frameworks/CoreMedia.framework; sourceTree = SDKROOT; };
		CE747BD61FC9414D00F2515D /* CoreImage.framework */ = {isa = PBXFileReference; lastKnownFileType = wrapper.framework; name = CoreImage.framework; path = System/Library/Frameworks/CoreImage.framework; sourceTree = SDKROOT; };
		CE747BD81FC94A3400F2515D /* UIKit.framework */ = {isa = PBXFileReference; lastKnownFileType = wrapper.framework; name = UIKit.framework; path = System/Library/Frameworks/UIKit.framework; sourceTree = SDKROOT; };
		CE8767D020504445009F9FF8 /* SettingsViewController.swift */ = {isa = PBXFileReference; fileEncoding = 4; lastKnownFileType = sourcecode.swift; path = SettingsViewController.swift; sourceTree = "<group>"; };
		CE8F88822041578300E19633 /* Base */ = {isa = PBXFileReference; lastKnownFileType = text.plist.strings; name = Base; path = Base.lproj/Localizable.strings; sourceTree = "<group>"; };
		CE8F88842041582A00E19633 /* ja */ = {isa = PBXFileReference; lastKnownFileType = text.plist.strings; name = ja; path = ja.lproj/Localizable.strings; sourceTree = "<group>"; };
		CEA20C3C204821D50061E7EA /* help-en.html */ = {isa = PBXFileReference; fileEncoding = 4; lastKnownFileType = text.html; path = "help-en.html"; sourceTree = "<group>"; };
		CEA20C3D204821D50061E7EA /* help-ja.html */ = {isa = PBXFileReference; fileEncoding = 4; lastKnownFileType = text.html; path = "help-ja.html"; sourceTree = "<group>"; };
		EB05D134206A81BA00F17E98 /* LICENSE.md */ = {isa = PBXFileReference; fileEncoding = 4; lastKnownFileType = net.daringfireball.markdown; path = LICENSE.md; sourceTree = "<group>"; };
		EB297E9120C9E15300511099 /* MyExtension.swift */ = {isa = PBXFileReference; fileEncoding = 4; lastKnownFileType = sourcecode.swift; path = MyExtension.swift; sourceTree = "<group>"; };
		EBD8A391205EA78B0011938A /* Settings.bundle */ = {isa = PBXFileReference; lastKnownFileType = "wrapper.plug-in"; path = Settings.bundle; sourceTree = "<group>"; };
/* End PBXFileReference section */

/* Begin PBXFrameworksBuildPhase section */
		CE7471541FC9009300F2515D /* Frameworks */ = {
			isa = PBXFrameworksBuildPhase;
			buildActionMask = 2147483647;
			files = (
				4A04C3B022A6C1DD00CA624A /* libc++.tbd in Frameworks */,
				4A40BF1324CD67310094344D /* Eureka.framework in Frameworks */,
				4A04C3AE22A6C1AC00CA624A /* libcrypto.a in Frameworks */,
				4A04C3AC22A6C11000CA624A /* libsrt-iOS.a in Frameworks */,
				CE747BC01FC9304100F2515D /* CoreMedia.framework in Frameworks */,
				CE747BBC1FC92C8E00F2515D /* CoreVideo.framework in Frameworks */,
				CE747BD71FC9415D00F2515D /* CoreImage.framework in Frameworks */,
				CE747BBA1FC9277200F2515D /* Foundation.framework in Frameworks */,
				CE747BBE1FC9302C00F2515D /* AVFoundation.framework in Frameworks */,
				4AB23BC925AAF9C400BA3D7A /* HaishinKit in Frameworks */,
				CE747BD91FC94A3B00F2515D /* UIKit.framework in Frameworks */,
			);
			runOnlyForDeploymentPostprocessing = 0;
		};
/* End PBXFrameworksBuildPhase section */

/* Begin PBXGroup section */
		4A090B0122A003BA0029E3CE /* Vendor */ = {
			isa = PBXGroup;
			children = (
				4A090B0222A003BA0029E3CE /* SRT */,
			);
			path = Vendor;
			sourceTree = "<group>";
		};
		4A090B0222A003BA0029E3CE /* SRT */ = {
			isa = PBXGroup;
			children = (
				4A090B0322A003BA0029E3CE /* Includes */,
				4A090B1E22A003BA0029E3CE /* build-srt-iOS.sh */,
				4A090BD422A003BA0029E3CE /* build-openssl-iOS.sh */,
			);
			path = SRT;
			sourceTree = "<group>";
		};
		4A090B0322A003BA0029E3CE /* Includes */ = {
			isa = PBXGroup;
			children = (
				4A090B0422A003BA0029E3CE /* smoother.h */,
				4A090B0522A003BA0029E3CE /* platform_sys.h */,
				4A090B0622A003BA0029E3CE /* netinet_any.h */,
				4A090B0722A003BA0029E3CE /* channel.h */,
				4A090B0822A003BA0029E3CE /* core.h */,
				4A090B0922A003BA0029E3CE /* version.h */,
				4A090B0A22A003BA0029E3CE /* threadname.h */,
				4A090B0B22A003BA0029E3CE /* handshake.h */,
				4A090B0C22A003BA0029E3CE /* epoll.h */,
				4A090B0D22A003BA0029E3CE /* md5.h */,
				4A090B0E22A003BA0029E3CE /* utilities.h */,
				4A090B0F22A003BA0029E3CE /* cache.h */,
				4A090B1022A003BA0029E3CE /* window.h */,
				4A090B1122A003BA0029E3CE /* logging.h */,
				4A090B1222A003BA0029E3CE /* srt_compat.h */,
				4A090B1322A003BA0029E3CE /* crypto.h */,
				4A090B1422A003BA0029E3CE /* api.h */,
				4A090B1522A003BA0029E3CE /* list.h */,
				4A090B1622A003BA0029E3CE /* buffer.h */,
				4A090B1722A003BA0029E3CE /* srt.h */,
				4A090B1822A003BA0029E3CE /* common.h */,
				4A090B1922A003BA0029E3CE /* packet.h */,
				4A090B1A22A003BA0029E3CE /* logging_api.h */,
				4A090B1B22A003BA0029E3CE /* udt.h */,
				4A090B1C22A003BA0029E3CE /* srt4udt.h */,
				4A090B1D22A003BA0029E3CE /* queue.h */,
			);
			path = Includes;
			sourceTree = "<group>";
		};
		4AF92095229ECDF5001C8E10 /* SRT */ = {
			isa = PBXGroup;
			children = (
				4AF92098229ECDF5001C8E10 /* SRTConnection.swift */,
				4AF92099229ECDF5001C8E10 /* SRTError.swift */,
				CE4B5E69238E991F000AF9E0 /* SRTRecvSocket.swift */,
				CE4B5E6A238E991F000AF9E0 /* SRTSendSocket.swift */,
				4AF92096229ECDF5001C8E10 /* SRTSocket.swift */,
				4AF92097229ECDF5001C8E10 /* SRTSocketOption.swift */,
				4AF9209C229ECDF5001C8E10 /* SRTStream.swift */,
			);
			path = SRT;
			sourceTree = "<group>";
		};
		CE74714E1FC9009300F2515D = {
			isa = PBXGroup;
			children = (
				CE747BB81FC9275800F2515D /* Frameworks */,
				CE8F88812041576A00E19633 /* Localizable.strings */,
				CE7471591FC9009300F2515D /* MyLive */,
				CE7471581FC9009300F2515D /* Products */,
			);
			sourceTree = "<group>";
		};
		CE7471581FC9009300F2515D /* Products */ = {
			isa = PBXGroup;
			children = (
				CE7471571FC9009300F2515D /* MyLive.app */,
			);
			name = Products;
			sourceTree = "<group>";
		};
		CE7471591FC9009300F2515D /* MyLive */ = {
			isa = PBXGroup;
			children = (
				4A719E6925B4224300D2855B /* MyLive.entitlements */,
				CEA20C3B204821D50061E7EA /* Doc */,
				EB05D133206A815700F17E98 /* HaishinKit */,
				CE74715A1FC9009300F2515D /* AppDelegate.swift */,
				4AF92083229ECA41001C8E10 /* VideoIOComponentEx.swift */,
				4A05962E2281D4E60070B169 /* VisionAdapter.swift */,
				EB297E9120C9E15300511099 /* MyExtension.swift */,
				CE74715C1FC9009300F2515D /* ViewController.swift */,
				CE8767D020504445009F9FF8 /* SettingsViewController.swift */,
				CE74715E1FC9009300F2515D /* Main.storyboard */,
				CE7471611FC9009300F2515D /* Assets.xcassets */,
				CE7471631FC9009300F2515D /* LaunchScreen.storyboard */,
				CE7471661FC9009300F2515D /* Info.plist */,
				EBD8A391205EA78B0011938A /* Settings.bundle */,
			);
			path = MyLive;
			sourceTree = "<group>";
		};
		CE747AFB1FC9153500F2515D /* Sources */ = {
			isa = PBXGroup;
			children = (
				CE747B031FC9153500F2515D /* Extension */,
				4AF92095229ECDF5001C8E10 /* SRT */,
				CE747B541FC9153500F2515D /* Util */,
			);
			path = Sources;
			sourceTree = "<group>";
		};
		CE747B031FC9153500F2515D /* Extension */ = {
			isa = PBXGroup;
			children = (
				CE747B0B1FC9153500F2515D /* Data+Extension.swift */,
			);
			path = Extension;
			sourceTree = "<group>";
		};
		CE747B541FC9153500F2515D /* Util */ = {
			isa = PBXGroup;
			children = (
				4AFCA7AF259C944500B3DA28 /* Constants.swift */,
			);
			path = Util;
			sourceTree = "<group>";
		};
		CE747BB81FC9275800F2515D /* Frameworks */ = {
			isa = PBXGroup;
			children = (
				CE70DD361FEE659D000D45AC /* Eureka.framework */,
				4A1BBC3625A9C06D001F6E49 /* Eureka.framework.dSYM */,
				4A04C3AF22A6C1DD00CA624A /* libc++.tbd */,
				4A04C3AD22A6C1AC00CA624A /* libcrypto.a */,
				4A04C3AB22A6C11000CA624A /* libsrt-iOS.a */,
				CE747BD81FC94A3400F2515D /* UIKit.framework */,
				CE747BD61FC9414D00F2515D /* CoreImage.framework */,
				CE747BBF1FC9303800F2515D /* CoreMedia.framework */,
				CE747BBD1FC9302100F2515D /* AVFoundation.framework */,
				CE747BBB1FC92C7D00F2515D /* CoreVideo.framework */,
				CE747BB91FC9275800F2515D /* Foundation.framework */,
			);
			name = Frameworks;
			sourceTree = "<group>";
		};
		CE747BC11FC9352F00F2515D /* Platforms */ = {
			isa = PBXGroup;
			children = (
				CE747BC21FC9352F00F2515D /* iOS */,
			);
			path = Platforms;
			sourceTree = "<group>";
		};
		CE747BC21FC9352F00F2515D /* iOS */ = {
			isa = PBXGroup;
			children = (
			);
			path = iOS;
			sourceTree = "<group>";
		};
		CEA20C3B204821D50061E7EA /* Doc */ = {
			isa = PBXGroup;
			children = (
				CEA20C3C204821D50061E7EA /* help-en.html */,
				CEA20C3D204821D50061E7EA /* help-ja.html */,
			);
			path = Doc;
			sourceTree = "<group>";
		};
		EB05D133206A815700F17E98 /* HaishinKit */ = {
			isa = PBXGroup;
			children = (
				4AF920A4229EDA85001C8E10 /* module.modulemap */,
				EB05D134206A81BA00F17E98 /* LICENSE.md */,
				4A090B0122A003BA0029E3CE /* Vendor */,
				CE747BC11FC9352F00F2515D /* Platforms */,
				CE747AFB1FC9153500F2515D /* Sources */,
			);
			path = HaishinKit;
			sourceTree = "<group>";
		};
/* End PBXGroup section */

/* Begin PBXNativeTarget section */
		CE7471561FC9009300F2515D /* MyLive */ = {
			isa = PBXNativeTarget;
			buildConfigurationList = CE74717F1FC9009300F2515D /* Build configuration list for PBXNativeTarget "MyLive" */;
			buildPhases = (
				CE7471531FC9009300F2515D /* Sources */,
				CE7471541FC9009300F2515D /* Frameworks */,
				CE7471551FC9009300F2515D /* Resources */,
				CEAFC1401FCF095C000326CE /* Copy Files */,
				EB062A1C207CEA28006B03A5 /* ShellScript */,
			);
			buildRules = (
			);
			dependencies = (
			);
			name = MyLive;
			packageProductDependencies = (
				4AB23BC825AAF9C400BA3D7A /* HaishinKit */,
			);
			productName = MyLive;
			productReference = CE7471571FC9009300F2515D /* MyLive.app */;
			productType = "com.apple.product-type.application";
		};
/* End PBXNativeTarget section */

/* Begin PBXProject section */
		CE74714F1FC9009300F2515D /* Project object */ = {
			isa = PBXProject;
			attributes = {
				LastSwiftUpdateCheck = 0910;
				LastUpgradeCheck = 0910;
				ORGANIZATIONNAME = User;
				TargetAttributes = {
					CE7471561FC9009300F2515D = {
						CreatedOnToolsVersion = 9.1;
						ProvisioningStyle = Automatic;
					};
				};
			};
			buildConfigurationList = CE7471521FC9009300F2515D /* Build configuration list for PBXProject "MyLive" */;
			compatibilityVersion = "Xcode 9.3";
			developmentRegion = en;
			hasScannedForEncodings = 0;
			knownRegions = (
				en,
				Base,
				ja,
			);
			mainGroup = CE74714E1FC9009300F2515D;
			packageReferences = (
				4AFCA7D1259CA1CA00B3DA28 /* XCRemoteSwiftPackageReference "HaishinKit" */,
			);
			productRefGroup = CE7471581FC9009300F2515D /* Products */;
			projectDirPath = "";
			projectRoot = "";
			targets = (
				CE7471561FC9009300F2515D /* MyLive */,
			);
		};
/* End PBXProject section */

/* Begin PBXResourcesBuildPhase section */
		CE7471551FC9009300F2515D /* Resources */ = {
			isa = PBXResourcesBuildPhase;
			buildActionMask = 2147483647;
			files = (
				EBD8A392205EA78B0011938A /* Settings.bundle in Resources */,
				4A090F9F22A003BC0029E3CE /* build-srt-iOS.sh in Resources */,
				EB05D135206A81BB00F17E98 /* LICENSE.md in Resources */,
				CEA20C3F204821D60061E7EA /* help-ja.html in Resources */,
				CE7471651FC9009300F2515D /* LaunchScreen.storyboard in Resources */,
				CEA20C3E204821D60061E7EA /* help-en.html in Resources */,
				CE8F887F2041576A00E19633 /* Localizable.strings in Resources */,
				CE7471621FC9009300F2515D /* Assets.xcassets in Resources */,
				CE7471601FC9009300F2515D /* Main.storyboard in Resources */,
				4A09101622A003BC0029E3CE /* build-openssl-iOS.sh in Resources */,
			);
			runOnlyForDeploymentPostprocessing = 0;
		};
/* End PBXResourcesBuildPhase section */

/* Begin PBXShellScriptBuildPhase section */
		EB062A1C207CEA28006B03A5 /* ShellScript */ = {
			isa = PBXShellScriptBuildPhase;
			buildActionMask = 8;
			files = (
			);
			inputPaths = (
			);
			outputPaths = (
			);
			runOnlyForDeploymentPostprocessing = 1;
			shellPath = /bin/sh;
			shellScript = "APP_PATH=\"${TARGET_BUILD_DIR}/${WRAPPER_NAME}\"\n\n# This script loops through the frameworks embedded in the application and\n# removes unused architectures.\nfind \"$APP_PATH\" -name '*.framework' -type d | while read -r FRAMEWORK\ndo\nFRAMEWORK_EXECUTABLE_NAME=$(defaults read \"$FRAMEWORK/Info.plist\" CFBundleExecutable)\nFRAMEWORK_EXECUTABLE_PATH=\"$FRAMEWORK/$FRAMEWORK_EXECUTABLE_NAME\"\necho \"Executable is $FRAMEWORK_EXECUTABLE_PATH\"\n\nEXTRACTED_ARCHS=()\n\nfor ARCH in $ARCHS\ndo\necho \"Extracting $ARCH from $FRAMEWORK_EXECUTABLE_NAME\"\nlipo -extract \"$ARCH\" \"$FRAMEWORK_EXECUTABLE_PATH\" -o \"$FRAMEWORK_EXECUTABLE_PATH-$ARCH\"\nEXTRACTED_ARCHS+=(\"$FRAMEWORK_EXECUTABLE_PATH-$ARCH\")\ndone\n\necho \"Merging extracted architectures: ${ARCHS}\"\nlipo -o \"$FRAMEWORK_EXECUTABLE_PATH-merged\" -create \"${EXTRACTED_ARCHS[@]}\"\nrm \"${EXTRACTED_ARCHS[@]}\"\n\necho \"Replacing original executable with thinned version\"\nrm \"$FRAMEWORK_EXECUTABLE_PATH\"\nmv \"$FRAMEWORK_EXECUTABLE_PATH-merged\" \"$FRAMEWORK_EXECUTABLE_PATH\"\n\ndone\n";
		};
/* End PBXShellScriptBuildPhase section */

/* Begin PBXSourcesBuildPhase section */
		CE7471531FC9009300F2515D /* Sources */ = {
			isa = PBXSourcesBuildPhase;
			buildActionMask = 2147483647;
			files = (
				CE74715D1FC9009300F2515D /* ViewController.swift in Sources */,
				CE8767D120504445009F9FF8 /* SettingsViewController.swift in Sources */,
				4AF9209E229ECDF5001C8E10 /* SRTSocketOption.swift in Sources */,
				4AF9209F229ECDF5001C8E10 /* SRTConnection.swift in Sources */,
				4AF920A0229ECDF5001C8E10 /* SRTError.swift in Sources */,
				CE4B5E6C238E991F000AF9E0 /* SRTSendSocket.swift in Sources */,
				CE747B6C1FC9153500F2515D /* Data+Extension.swift in Sources */,
				EB297E9320C9E15300511099 /* MyExtension.swift in Sources */,
				4AFCA7B0259C944500B3DA28 /* Constants.swift in Sources */,
				4AF920A3229ECDF5001C8E10 /* SRTStream.swift in Sources */,
				4A05962F2281D4E70070B169 /* VisionAdapter.swift in Sources */,
				CE4B5E6B238E991F000AF9E0 /* SRTRecvSocket.swift in Sources */,
				4AF92084229ECA41001C8E10 /* VideoIOComponentEx.swift in Sources */,
				CE74715B1FC9009300F2515D /* AppDelegate.swift in Sources */,
				4AF9209D229ECDF5001C8E10 /* SRTSocket.swift in Sources */,
			);
			runOnlyForDeploymentPostprocessing = 0;
		};
/* End PBXSourcesBuildPhase section */

/* Begin PBXVariantGroup section */
		CE74715E1FC9009300F2515D /* Main.storyboard */ = {
			isa = PBXVariantGroup;
			children = (
				CE74715F1FC9009300F2515D /* Base */,
			);
			name = Main.storyboard;
			sourceTree = "<group>";
		};
		CE7471631FC9009300F2515D /* LaunchScreen.storyboard */ = {
			isa = PBXVariantGroup;
			children = (
				CE7471641FC9009300F2515D /* Base */,
			);
			name = LaunchScreen.storyboard;
			sourceTree = "<group>";
		};
		CE8F88812041576A00E19633 /* Localizable.strings */ = {
			isa = PBXVariantGroup;
			children = (
				CE8F88822041578300E19633 /* Base */,
				CE8F88842041582A00E19633 /* ja */,
			);
			name = Localizable.strings;
			path = MyLive;
			sourceTree = "<group>";
		};
/* End PBXVariantGroup section */

/* Begin XCBuildConfiguration section */
		CE74717D1FC9009300F2515D /* Debug */ = {
			isa = XCBuildConfiguration;
			buildSettings = {
				ALWAYS_EMBED_SWIFT_STANDARD_LIBRARIES = YES;
				ALWAYS_SEARCH_USER_PATHS = NO;
				CLANG_ANALYZER_LOCALIZABILITY_NONLOCALIZED = YES;
				CLANG_ANALYZER_NONNULL = YES;
				CLANG_ANALYZER_NUMBER_OBJECT_CONVERSION = YES_AGGRESSIVE;
				CLANG_CXX_LANGUAGE_STANDARD = "gnu++14";
				CLANG_CXX_LIBRARY = "libc++";
				CLANG_ENABLE_MODULES = YES;
				CLANG_ENABLE_OBJC_ARC = YES;
				CLANG_WARN_BLOCK_CAPTURE_AUTORELEASING = YES;
				CLANG_WARN_BOOL_CONVERSION = YES;
				CLANG_WARN_COMMA = YES;
				CLANG_WARN_CONSTANT_CONVERSION = YES;
				CLANG_WARN_DIRECT_OBJC_ISA_USAGE = YES_ERROR;
				CLANG_WARN_DOCUMENTATION_COMMENTS = YES;
				CLANG_WARN_EMPTY_BODY = YES;
				CLANG_WARN_ENUM_CONVERSION = YES;
				CLANG_WARN_INFINITE_RECURSION = YES;
				CLANG_WARN_INT_CONVERSION = YES;
				CLANG_WARN_NON_LITERAL_NULL_CONVERSION = YES;
				CLANG_WARN_OBJC_LITERAL_CONVERSION = YES;
				CLANG_WARN_OBJC_ROOT_CLASS = YES_ERROR;
				CLANG_WARN_RANGE_LOOP_ANALYSIS = YES;
				CLANG_WARN_STRICT_PROTOTYPES = YES;
				CLANG_WARN_SUSPICIOUS_MOVE = YES;
				CLANG_WARN_UNGUARDED_AVAILABILITY = YES_AGGRESSIVE;
				CLANG_WARN_UNREACHABLE_CODE = YES;
				CLANG_WARN__DUPLICATE_METHOD_MATCH = YES;
				CODE_SIGN_IDENTITY = "iPhone Developer";
				COPY_PHASE_STRIP = NO;
				DEBUG_INFORMATION_FORMAT = dwarf;
				ENABLE_STRICT_OBJC_MSGSEND = YES;
				ENABLE_TESTABILITY = YES;
				GCC_C_LANGUAGE_STANDARD = gnu11;
				GCC_DYNAMIC_NO_PIC = NO;
				GCC_NO_COMMON_BLOCKS = YES;
				GCC_OPTIMIZATION_LEVEL = 0;
				GCC_PREPROCESSOR_DEFINITIONS = (
					"DEBUG=1",
					"$(inherited)",
				);
				GCC_WARN_64_TO_32_BIT_CONVERSION = YES;
				GCC_WARN_ABOUT_RETURN_TYPE = YES_ERROR;
				GCC_WARN_UNDECLARED_SELECTOR = YES;
				GCC_WARN_UNINITIALIZED_AUTOS = YES_AGGRESSIVE;
				GCC_WARN_UNUSED_FUNCTION = YES;
				GCC_WARN_UNUSED_VARIABLE = YES;
				IPHONEOS_DEPLOYMENT_TARGET = 11.2;
				LD_RUNPATH_SEARCH_PATHS = "@executable_path/Frameworks";
				MTL_ENABLE_DEBUG_INFO = YES;
				ONLY_ACTIVE_ARCH = NO;
				SDKROOT = iphoneos;
				SWIFT_ACTIVE_COMPILATION_CONDITIONS = DEBUG;
				SWIFT_OPTIMIZATION_LEVEL = "-O";
			};
			name = Debug;
		};
		CE74717E1FC9009300F2515D /* Release */ = {
			isa = XCBuildConfiguration;
			buildSettings = {
				ALWAYS_EMBED_SWIFT_STANDARD_LIBRARIES = YES;
				ALWAYS_SEARCH_USER_PATHS = NO;
				CLANG_ANALYZER_LOCALIZABILITY_NONLOCALIZED = YES;
				CLANG_ANALYZER_NONNULL = YES;
				CLANG_ANALYZER_NUMBER_OBJECT_CONVERSION = YES_AGGRESSIVE;
				CLANG_CXX_LANGUAGE_STANDARD = "gnu++14";
				CLANG_CXX_LIBRARY = "libc++";
				CLANG_ENABLE_MODULES = YES;
				CLANG_ENABLE_OBJC_ARC = YES;
				CLANG_WARN_BLOCK_CAPTURE_AUTORELEASING = YES;
				CLANG_WARN_BOOL_CONVERSION = YES;
				CLANG_WARN_COMMA = YES;
				CLANG_WARN_CONSTANT_CONVERSION = YES;
				CLANG_WARN_DIRECT_OBJC_ISA_USAGE = YES_ERROR;
				CLANG_WARN_DOCUMENTATION_COMMENTS = YES;
				CLANG_WARN_EMPTY_BODY = YES;
				CLANG_WARN_ENUM_CONVERSION = YES;
				CLANG_WARN_INFINITE_RECURSION = YES;
				CLANG_WARN_INT_CONVERSION = YES;
				CLANG_WARN_NON_LITERAL_NULL_CONVERSION = YES;
				CLANG_WARN_OBJC_LITERAL_CONVERSION = YES;
				CLANG_WARN_OBJC_ROOT_CLASS = YES_ERROR;
				CLANG_WARN_RANGE_LOOP_ANALYSIS = YES;
				CLANG_WARN_STRICT_PROTOTYPES = YES;
				CLANG_WARN_SUSPICIOUS_MOVE = YES;
				CLANG_WARN_UNGUARDED_AVAILABILITY = YES_AGGRESSIVE;
				CLANG_WARN_UNREACHABLE_CODE = YES;
				CLANG_WARN__DUPLICATE_METHOD_MATCH = YES;
				CODE_SIGN_IDENTITY = "iPhone Developer";
				COPY_PHASE_STRIP = NO;
				DEBUG_INFORMATION_FORMAT = "dwarf-with-dsym";
				ENABLE_NS_ASSERTIONS = NO;
				ENABLE_STRICT_OBJC_MSGSEND = YES;
				GCC_C_LANGUAGE_STANDARD = gnu11;
				GCC_NO_COMMON_BLOCKS = YES;
				GCC_OPTIMIZATION_LEVEL = 0;
				GCC_WARN_64_TO_32_BIT_CONVERSION = YES;
				GCC_WARN_ABOUT_RETURN_TYPE = YES_ERROR;
				GCC_WARN_UNDECLARED_SELECTOR = YES;
				GCC_WARN_UNINITIALIZED_AUTOS = YES_AGGRESSIVE;
				GCC_WARN_UNUSED_FUNCTION = YES;
				GCC_WARN_UNUSED_VARIABLE = YES;
				IPHONEOS_DEPLOYMENT_TARGET = 11.2;
				LD_RUNPATH_SEARCH_PATHS = "@executable_path/Frameworks";
				MTL_ENABLE_DEBUG_INFO = NO;
				SDKROOT = iphoneos;
				SWIFT_OPTIMIZATION_LEVEL = "-O";
				VALIDATE_PRODUCT = YES;
			};
			name = Release;
		};
		CE7471801FC9009300F2515D /* Debug */ = {
			isa = XCBuildConfiguration;
			buildSettings = {
				ASSETCATALOG_COMPILER_APPICON_NAME = AppIcon;
				CODE_SIGN_ENTITLEMENTS = MyLive/MyLive.entitlements;
				"CODE_SIGN_IDENTITY[sdk=iphoneos*]" = "iPhone Developer";
				CODE_SIGN_STYLE = Automatic;
				CURRENT_PROJECT_VERSION = 1.4.0;
				DEVELOPMENT_TEAM = 9TD6G2FZN5;
				FRAMEWORK_SEARCH_PATHS = (
					"$(inherited)",
					"$(PROJECT_DIR)/Carthage/Build/iOS",
					"$(PROJECT_DIR)/MyLive/HaishinKit/Vendor/SRT/build/iOS",
					"$(PROJECT_DIR)/MyLive/HaishinKit",
				);
				INFOPLIST_FILE = MyLive/Info.plist;
				INSTALL_PATH = "$(LOCAL_APPS_DIR)";
				IPHONEOS_DEPLOYMENT_TARGET = 11.0;
				LD_RUNPATH_SEARCH_PATHS = (
					"$(inherited)",
					"@executable_path/Frameworks",
				);
				LIBRARY_SEARCH_PATHS = (
					"$(inherited)",
					"$(PROJECT_DIR)/MyLive/HaishinKit/Vendor/SRT",
					"$(PROJECT_DIR)/MyLive/HaishinKit/Vendor/SRT/OpenSSL-for-iPhone/lib",
				);
				MARKETING_VERSION = 1.4.0;
				ONLY_ACTIVE_ARCH = NO;
				PRODUCT_BUNDLE_IDENTIFIER = com.twitter.koji4104.itsmylive;
				PRODUCT_NAME = "$(TARGET_NAME)";
				PROVISIONING_PROFILE_SPECIFIER = "";
				SUPPORTS_MACCATALYST = NO;
				SWIFT_INCLUDE_PATHS = "$(SRCROOT)/$(PROJECT)/HaishinKit $(SRCROOT)/$(PROJECT)/HaishinKit/Vendor/SRT/includes/srt.h";
				SWIFT_INSTALL_OBJC_HEADER = NO;
				SWIFT_OBJC_BRIDGING_HEADER = "$(SRCROOT)/$(PROJECT)/HaishinKit/Platforms/iOS/MyLive.h";
				SWIFT_VERSION = 5.0;
				TARGETED_DEVICE_FAMILY = "1,2";
			};
			name = Debug;
		};
		CE7471811FC9009300F2515D /* Release */ = {
			isa = XCBuildConfiguration;
			buildSettings = {
				ASSETCATALOG_COMPILER_APPICON_NAME = AppIcon;
				CODE_SIGN_ENTITLEMENTS = MyLive/MyLive.entitlements;
				"CODE_SIGN_IDENTITY[sdk=iphoneos*]" = "iPhone Developer";
				CODE_SIGN_STYLE = Automatic;
				CURRENT_PROJECT_VERSION = 1.4.0;
				DEVELOPMENT_TEAM = 9TD6G2FZN5;
				FRAMEWORK_SEARCH_PATHS = (
					"$(inherited)",
					"$(PROJECT_DIR)/Carthage/Build/iOS",
					"$(PROJECT_DIR)/MyLive/HaishinKit/Vendor/SRT/build/iOS",
					"$(PROJECT_DIR)/MyLive/HaishinKit",
				);
				INFOPLIST_FILE = MyLive/Info.plist;
				INSTALL_PATH = "$(LOCAL_APPS_DIR)";
				IPHONEOS_DEPLOYMENT_TARGET = 11.0;
				LD_RUNPATH_SEARCH_PATHS = (
					"$(inherited)",
					"@executable_path/Frameworks",
				);
				LIBRARY_SEARCH_PATHS = (
					"$(inherited)",
					"$(PROJECT_DIR)/MyLive/HaishinKit/Vendor/SRT",
					"$(PROJECT_DIR)/MyLive/HaishinKit/Vendor/SRT/OpenSSL-for-iPhone/lib",
				);
				MARKETING_VERSION = 1.4.0;
				ONLY_ACTIVE_ARCH = YES;
				PRODUCT_BUNDLE_IDENTIFIER = com.twitter.koji4104.itsmylive;
				PRODUCT_NAME = "$(TARGET_NAME)";
				PROVISIONING_PROFILE_SPECIFIER = "";
				SUPPORTS_MACCATALYST = NO;
				SWIFT_INCLUDE_PATHS = "$(SRCROOT)/$(PROJECT)/HaishinKit $(SRCROOT)/$(PROJECT)/HaishinKit/Vendor/SRT/includes/srt.h";
				SWIFT_INSTALL_OBJC_HEADER = NO;
				SWIFT_OBJC_BRIDGING_HEADER = "$(SRCROOT)/$(PROJECT)/HaishinKit/Platforms/iOS/MyLive.h";
				SWIFT_VERSION = 5.0;
				TARGETED_DEVICE_FAMILY = "1,2";
			};
			name = Release;
		};
/* End XCBuildConfiguration section */

/* Begin XCConfigurationList section */
		CE7471521FC9009300F2515D /* Build configuration list for PBXProject "MyLive" */ = {
			isa = XCConfigurationList;
			buildConfigurations = (
				CE74717D1FC9009300F2515D /* Debug */,
				CE74717E1FC9009300F2515D /* Release */,
			);
			defaultConfigurationIsVisible = 0;
			defaultConfigurationName = Release;
		};
		CE74717F1FC9009300F2515D /* Build configuration list for PBXNativeTarget "MyLive" */ = {
			isa = XCConfigurationList;
			buildConfigurations = (
				CE7471801FC9009300F2515D /* Debug */,
				CE7471811FC9009300F2515D /* Release */,
			);
			defaultConfigurationIsVisible = 0;
			defaultConfigurationName = Release;
		};
/* End XCConfigurationList section */

/* Begin XCRemoteSwiftPackageReference section */
		4AFCA7D1259CA1CA00B3DA28 /* XCRemoteSwiftPackageReference "HaishinKit" */ = {
			isa = XCRemoteSwiftPackageReference;
			repositoryURL = "https://github.com/shogo4405/HaishinKit.swift";
			requirement = {
				kind = upToNextMajorVersion;
				minimumVersion = 1.1.1;
			};
		};
/* End XCRemoteSwiftPackageReference section */

/* Begin XCSwiftPackageProductDependency section */
		4AB23BC825AAF9C400BA3D7A /* HaishinKit */ = {
			isa = XCSwiftPackageProductDependency;
			package = 4AFCA7D1259CA1CA00B3DA28 /* XCRemoteSwiftPackageReference "HaishinKit" */;
			productName = HaishinKit;
		};
/* End XCSwiftPackageProductDependency section */
	};
	rootObject = CE74714F1FC9009300F2515D /* Project object */;
}
